
Microsoft Visual Studio Solution File, Format Version 12.00
# Visual Studio 15
VisualStudioVersion = 15.0.26124.0
MinimumVisualStudioVersion = 15.0.26124.0
Project("{2150E333-8FDC-42A3-9474-1A3956D46DE8}") = "src", "src", "{E5DDB50C-4126-42A4-9479-09D4FE63D86D}"
EndProject
Project("{FAE04EC0-301F-11D3-BF4B-00C04F79EFBC}") = "SoundBeats.Core", "src\SoundBeats.Core\SoundBeats.Core.csproj", "{882B610F-7918-4103-9190-FA2A7F4D80D8}"
EndProject
Project("{FAE04EC0-301F-11D3-BF4B-00C04F79EFBC}") = "SoundBeats.Infrastructure", "src\SoundBeats.Infrastructure\SoundBeats.Infrastructure.csproj", "{5A1A42AA-FE1B-4F86-ABA3-0604611C8154}"
EndProject
Project("{FAE04EC0-301F-11D3-BF4B-00C04F79EFBC}") = "SoundBeats.Web", "src\SoundBeats.Web\SoundBeats.Web.csproj", "{AA58915A-79CE-4D0C-B25C-87C0C09264F9}"
EndProject
Global
	GlobalSection(SolutionConfigurationPlatforms) = preSolution
		Debug|Any CPU = Debug|Any CPU
		Debug|x64 = Debug|x64
		Debug|x86 = Debug|x86
		Release|Any CPU = Release|Any CPU
		Release|x64 = Release|x64
		Release|x86 = Release|x86
	EndGlobalSection
	GlobalSection(SolutionProperties) = preSolution
		HideSolutionNode = FALSE
	EndGlobalSection
	GlobalSection(ProjectConfigurationPlatforms) = postSolution
		{882B610F-7918-4103-9190-FA2A7F4D80D8}.Debug|Any CPU.ActiveCfg = Debug|Any CPU
		{882B610F-7918-4103-9190-FA2A7F4D80D8}.Debug|Any CPU.Build.0 = Debug|Any CPU
		{882B610F-7918-4103-9190-FA2A7F4D80D8}.Debug|x64.ActiveCfg = Debug|Any CPU
		{882B610F-7918-4103-9190-FA2A7F4D80D8}.Debug|x64.Build.0 = Debug|Any CPU
		{882B610F-7918-4103-9190-FA2A7F4D80D8}.Debug|x86.ActiveCfg = Debug|Any CPU
		{882B610F-7918-4103-9190-FA2A7F4D80D8}.Debug|x86.Build.0 = Debug|Any CPU
		{882B610F-7918-4103-9190-FA2A7F4D80D8}.Release|Any CPU.ActiveCfg = Release|Any CPU
		{882B610F-7918-4103-9190-FA2A7F4D80D8}.Release|Any CPU.Build.0 = Release|Any CPU
		{882B610F-7918-4103-9190-FA2A7F4D80D8}.Release|x64.ActiveCfg = Release|Any CPU
		{882B610F-7918-4103-9190-FA2A7F4D80D8}.Release|x64.Build.0 = Release|Any CPU
		{882B610F-7918-4103-9190-FA2A7F4D80D8}.Release|x86.ActiveCfg = Release|Any CPU
		{882B610F-7918-4103-9190-FA2A7F4D80D8}.Release|x86.Build.0 = Release|Any CPU
		{5A1A42AA-FE1B-4F86-ABA3-0604611C8154}.Debug|Any CPU.ActiveCfg = Debug|Any CPU
		{5A1A42AA-FE1B-4F86-ABA3-0604611C8154}.Debug|Any CPU.Build.0 = Debug|Any CPU
		{5A1A42AA-FE1B-4F86-ABA3-0604611C8154}.Debug|x64.ActiveCfg = Debug|Any CPU
		{5A1A42AA-FE1B-4F86-ABA3-0604611C8154}.Debug|x64.Build.0 = Debug|Any CPU
		{5A1A42AA-FE1B-4F86-ABA3-0604611C8154}.Debug|x86.ActiveCfg = Debug|Any CPU
		{5A1A42AA-FE1B-4F86-ABA3-0604611C8154}.Debug|x86.Build.0 = Debug|Any CPU
		{5A1A42AA-FE1B-4F86-ABA3-0604611C8154}.Release|Any CPU.ActiveCfg = Release|Any CPU
		{5A1A42AA-FE1B-4F86-ABA3-0604611C8154}.Release|Any CPU.Build.0 = Release|Any CPU
		{5A1A42AA-FE1B-4F86-ABA3-0604611C8154}.Release|x64.ActiveCfg = Release|Any CPU
		{5A1A42AA-FE1B-4F86-ABA3-0604611C8154}.Release|x64.Build.0 = Release|Any CPU
		{5A1A42AA-FE1B-4F86-ABA3-0604611C8154}.Release|x86.ActiveCfg = Release|Any CPU
		{5A1A42AA-FE1B-4F86-ABA3-0604611C8154}.Release|x86.Build.0 = Release|Any CPU
		{AA58915A-79CE-4D0C-B25C-87C0C09264F9}.Debug|Any CPU.ActiveCfg = Debug|Any CPU
		{AA58915A-79CE-4D0C-B25C-87C0C09264F9}.Debug|Any CPU.Build.0 = Debug|Any CPU
		{AA58915A-79CE-4D0C-B25C-87C0C09264F9}.Debug|x64.ActiveCfg = Debug|Any CPU
		{AA58915A-79CE-4D0C-B25C-87C0C09264F9}.Debug|x64.Build.0 = Debug|Any CPU
		{AA58915A-79CE-4D0C-B25C-87C0C09264F9}.Debug|x86.ActiveCfg = Debug|Any CPU
		{AA58915A-79CE-4D0C-B25C-87C0C09264F9}.Debug|x86.Build.0 = Debug|Any CPU
		{AA58915A-79CE-4D0C-B25C-87C0C09264F9}.Release|Any CPU.ActiveCfg = Release|Any CPU
		{AA58915A-79CE-4D0C-B25C-87C0C09264F9}.Release|Any CPU.Build.0 = Release|Any CPU
		{AA58915A-79CE-4D0C-B25C-87C0C09264F9}.Release|x64.ActiveCfg = Release|Any CPU
		{AA58915A-79CE-4D0C-B25C-87C0C09264F9}.Release|x64.Build.0 = Release|Any CPU
		{AA58915A-79CE-4D0C-B25C-87C0C09264F9}.Release|x86.ActiveCfg = Release|Any CPU
		{AA58915A-79CE-4D0C-B25C-87C0C09264F9}.Release|x86.Build.0 = Release|Any CPU
	EndGlobalSection
	GlobalSection(NestedProjects) = preSolution
		{882B610F-7918-4103-9190-FA2A7F4D80D8} = {E5DDB50C-4126-42A4-9479-09D4FE63D86D}
		{5A1A42AA-FE1B-4F86-ABA3-0604611C8154} = {E5DDB50C-4126-42A4-9479-09D4FE63D86D}
		{AA58915A-79CE-4D0C-B25C-87C0C09264F9} = {E5DDB50C-4126-42A4-9479-09D4FE63D86D}
	EndGlobalSection
EndGlobal
